
Microsoft Visual Studio Solution File, Format Version 12.00
# Visual Studio Version 17
VisualStudioVersion = 17.10.34916.146
MinimumVisualStudioVersion = 10.0.40219.1
Project("{8BC9CEB8-8B4A-11D0-8D11-00A0C91BC942}") = "Lec03_Array", "Lec03_Array\Lec03_Array.vcxproj", "{21CA0DE8-CDF9-47DF-8A99-414A93E45AB5}"
EndProject
Project("{8BC9CEB8-8B4A-11D0-8D11-00A0C91BC942}") = "Project1", "Project1\Project1.vcxproj", "{A0178A5A-6E80-4A4D-B578-990EFA3354C2}"
EndProject
Global
	GlobalSection(SolutionConfigurationPlatforms) = preSolution
		Debug|x64 = Debug|x64
		Debug|x86 = Debug|x86
		Release|x64 = Release|x64
		Release|x86 = Release|x86
	EndGlobalSection
	GlobalSection(ProjectConfigurationPlatforms) = postSolution
		{21CA0DE8-CDF9-47DF-8A99-414A93E45AB5}.Debug|x64.ActiveCfg = Debug|x64
		{21CA0DE8-CDF9-47DF-8A99-414A93E45AB5}.Debug|x64.Build.0 = Debug|x64
		{21CA0DE8-CDF9-47DF-8A99-414A93E45AB5}.Debug|x86.ActiveCfg = Debug|Win32
		{21CA0DE8-CDF9-47DF-8A99-414A93E45AB5}.Debug|x86.Build.0 = Debug|Win32
		{21CA0DE8-CDF9-47DF-8A99-414A93E45AB5}.Release|x64.ActiveCfg = Release|x64
		{21CA0DE8-CDF9-47DF-8A99-414A93E45AB5}.Release|x64.Build.0 = Release|x64
		{21CA0DE8-CDF9-47DF-8A99-414A93E45AB5}.Release|x86.ActiveCfg = Release|Win32
		{21CA0DE8-CDF9-47DF-8A99-414A93E45AB5}.Release|x86.Build.0 = Release|Win32
		{A0178A5A-6E80-4A4D-B578-990EFA3354C2}.Debug|x64.ActiveCfg = Debug|x64
		{A0178A5A-6E80-4A4D-B578-990EFA3354C2}.Debug|x64.Build.0 = Debug|x64
		{A0178A5A-6E80-4A4D-B578-990EFA3354C2}.Debug|x86.ActiveCfg = Debug|Win32
		{A0178A5A-6E80-4A4D-B578-990EFA3354C2}.Debug|x86.Build.0 = Debug|Win32
		{A0178A5A-6E80-4A4D-B578-990EFA3354C2}.Release|x64.ActiveCfg = Release|x64
		{A0178A5A-6E80-4A4D-B578-990EFA3354C2}.Release|x64.Build.0 = Release|x64
		{A0178A5A-6E80-4A4D-B578-990EFA3354C2}.Release|x86.ActiveCfg = Release|Win32
		{A0178A5A-6E80-4A4D-B578-990EFA3354C2}.Release|x86.Build.0 = Release|Win32
	EndGlobalSection
	GlobalSection(SolutionProperties) = preSolution
		HideSolutionNode = FALSE
	EndGlobalSection
	GlobalSection(ExtensibilityGlobals) = postSolution
		SolutionGuid = {80D7AF54-CF4F-4B08-8A35-9CE0952CBF99}
	EndGlobalSection
EndGlobal
