
Microsoft Visual Studio Solution File, Format Version 12.00
# Visual Studio Version 17
VisualStudioVersion = 17.10.34916.146
MinimumVisualStudioVersion = 10.0.40219.1
Project("{8BC9CEB8-8B4A-11D0-8D11-00A0C91BC942}") = "Lec02_Findmax", "Lec02_Findmax\Lec02_Findmax.vcxproj", "{06959191-8FA3-4FE4-8277-B280463D6947}"
EndProject
Global
	GlobalSection(SolutionConfigurationPlatforms) = preSolution
		Debug|x64 = Debug|x64
		Debug|x86 = Debug|x86
		Release|x64 = Release|x64
		Release|x86 = Release|x86
	EndGlobalSection
	GlobalSection(ProjectConfigurationPlatforms) = postSolution
		{06959191-8FA3-4FE4-8277-B280463D6947}.Debug|x64.ActiveCfg = Debug|x64
		{06959191-8FA3-4FE4-8277-B280463D6947}.Debug|x64.Build.0 = Debug|x64
		{06959191-8FA3-4FE4-8277-B280463D6947}.Debug|x86.ActiveCfg = Debug|Win32
		{06959191-8FA3-4FE4-8277-B280463D6947}.Debug|x86.Build.0 = Debug|Win32
		{06959191-8FA3-4FE4-8277-B280463D6947}.Release|x64.ActiveCfg = Release|x64
		{06959191-8FA3-4FE4-8277-B280463D6947}.Release|x64.Build.0 = Release|x64
		{06959191-8FA3-4FE4-8277-B280463D6947}.Release|x86.ActiveCfg = Release|Win32
		{06959191-8FA3-4FE4-8277-B280463D6947}.Release|x86.Build.0 = Release|Win32
	EndGlobalSection
	GlobalSection(SolutionProperties) = preSolution
		HideSolutionNode = FALSE
	EndGlobalSection
	GlobalSection(ExtensibilityGlobals) = postSolution
		SolutionGuid = {BEB9AA9E-41B9-48D5-A571-59679D6D3FA6}
	EndGlobalSection
EndGlobal
